github.com/kolunchik/zs v0.0.0-20250401095732-a871dcd6ef76 h1:wbQtDPfFr213od6TwGEetzn7BzTVtRTD56SvYeJXcVY=
github.com/kolunchik/zs v0.0.0-20250401095732-a871dcd6ef76/go.mod h1:E+LJ7qvKgEZYpJmWIZGJLLxCbD0rHQZMZkhVZ3BGEBI=
github.com/kolunchik/zs v0.0.0-20250503130230-b4cbe2ae1223 h1:2Q8jAEi74byNfm6OEntOwStYkVeZmbfhdCNO2zQet5U=
github.com/kolunchik/zs v0.0.0-20250503130230-b4cbe2ae1223/go.mod h1:E+LJ7qvKgEZYpJmWIZGJLLxCbD0rHQZMZkhVZ3BGEBI=
